github.com/solo-io/docs-theme-extras v0.2.1 h1:88kg58jmOYlckmCErSIjbYgGs5aoo9lP/3GCR8B1/vY=
github.com/solo-io/docs-theme-extras v0.2.1/go.mod h1:jjjYu/QoD+vMu30zgcpfEuTEGuJOJWs5qai/K18kltg=
github.com/solo-io/docs-theme-extras v0.2.2-beta.2 h1:c3IW3R9691nA4heVWXoafVv4+WgvIOn2ku0uImUgJMM=
github.com/solo-io/docs-theme-extras v0.2.2-beta.2/go.mod h1:jjjYu/QoD+vMu30zgcpfEuTEGuJOJWs5qai/K18kltg=
